
Microsoft Visual Studio Solution File, Format Version 12.00
# Visual Studio Version 17
VisualStudioVersion = 17.7.34024.191
MinimumVisualStudioVersion = 10.0.40219.1
Project("{FAE04EC0-301F-11D3-BF4B-00C04F79EFBC}") = "PHONGKHAMNHAKHOA.GUI", "PHONGKHAMNHAKHOA\PHONGKHAMNHAKHOA.GUI.csproj", "{9E234B75-7E66-4FB8-8CBC-0E55587808D6}"
EndProject
Project("{FAE04EC0-301F-11D3-BF4B-00C04F79EFBC}") = "PHONGKHAMNHAKHOA.BLL", "PHONGKHAMNHAKHOA.BLL\PHONGKHAMNHAKHOA.BLL.csproj", "{2FA78BE6-3D09-44C1-8457-2EBB663BFB7A}"
EndProject
Project("{FAE04EC0-301F-11D3-BF4B-00C04F79EFBC}") = "PHONGKHAMNHAKHOA.DAL", "PHONGKHAMNHAKHOA.DAL\PHONGKHAMNHAKHOA.DAL.csproj", "{9CF7E74F-7DBF-4077-B9A1-F6FCCA5F26F9}"
EndProject
Global
	GlobalSection(SolutionConfigurationPlatforms) = preSolution
		Debug|Any CPU = Debug|Any CPU
		Release|Any CPU = Release|Any CPU
	EndGlobalSection
	GlobalSection(ProjectConfigurationPlatforms) = postSolution
		{9E234B75-7E66-4FB8-8CBC-0E55587808D6}.Debug|Any CPU.ActiveCfg = Debug|Any CPU
		{9E234B75-7E66-4FB8-8CBC-0E55587808D6}.Debug|Any CPU.Build.0 = Debug|Any CPU
		{9E234B75-7E66-4FB8-8CBC-0E55587808D6}.Release|Any CPU.ActiveCfg = Release|Any CPU
		{9E234B75-7E66-4FB8-8CBC-0E55587808D6}.Release|Any CPU.Build.0 = Release|Any CPU
		{2FA78BE6-3D09-44C1-8457-2EBB663BFB7A}.Debug|Any CPU.ActiveCfg = Debug|Any CPU
		{2FA78BE6-3D09-44C1-8457-2EBB663BFB7A}.Debug|Any CPU.Build.0 = Debug|Any CPU
		{2FA78BE6-3D09-44C1-8457-2EBB663BFB7A}.Release|Any CPU.ActiveCfg = Release|Any CPU
		{2FA78BE6-3D09-44C1-8457-2EBB663BFB7A}.Release|Any CPU.Build.0 = Release|Any CPU
		{9CF7E74F-7DBF-4077-B9A1-F6FCCA5F26F9}.Debug|Any CPU.ActiveCfg = Debug|Any CPU
		{9CF7E74F-7DBF-4077-B9A1-F6FCCA5F26F9}.Debug|Any CPU.Build.0 = Debug|Any CPU
		{9CF7E74F-7DBF-4077-B9A1-F6FCCA5F26F9}.Release|Any CPU.ActiveCfg = Release|Any CPU
		{9CF7E74F-7DBF-4077-B9A1-F6FCCA5F26F9}.Release|Any CPU.Build.0 = Release|Any CPU
	EndGlobalSection
	GlobalSection(SolutionProperties) = preSolution
		HideSolutionNode = FALSE
	EndGlobalSection
	GlobalSection(ExtensibilityGlobals) = postSolution
		SolutionGuid = {494DADAF-D482-451A-8180-976FEA6CEEFA}
	EndGlobalSection
EndGlobal
